
Microsoft Visual Studio Solution File, Format Version 12.00
# Visual Studio Version 17
VisualStudioVersion = 17.2.32526.322
MinimumVisualStudioVersion = 10.0.40219.1
Project("{9A19103F-16F7-4668-BE54-9A1E7A4F7556}") = "LuccaDevises", "src\LuccaDevises\LuccaDevises.csproj", "{4DC27148-4628-44DB-9DD9-3C68528B94F7}"
EndProject
Project("{2150E333-8FDC-42A3-9474-1A3956D46DE8}") = "src", "src", "{90D426FC-C46E-4226-9060-ED06B1B19A62}"
EndProject
Global
	GlobalSection(SolutionConfigurationPlatforms) = preSolution
		Debug|Any CPU = Debug|Any CPU
		Release|Any CPU = Release|Any CPU
	EndGlobalSection
	GlobalSection(ProjectConfigurationPlatforms) = postSolution
		{4DC27148-4628-44DB-9DD9-3C68528B94F7}.Debug|Any CPU.ActiveCfg = Debug|Any CPU
		{4DC27148-4628-44DB-9DD9-3C68528B94F7}.Debug|Any CPU.Build.0 = Debug|Any CPU
		{4DC27148-4628-44DB-9DD9-3C68528B94F7}.Release|Any CPU.ActiveCfg = Release|Any CPU
		{4DC27148-4628-44DB-9DD9-3C68528B94F7}.Release|Any CPU.Build.0 = Release|Any CPU
	EndGlobalSection
	GlobalSection(SolutionProperties) = preSolution
		HideSolutionNode = FALSE
	EndGlobalSection
	GlobalSection(NestedProjects) = preSolution
		{4DC27148-4628-44DB-9DD9-3C68528B94F7} = {90D426FC-C46E-4226-9060-ED06B1B19A62}
	EndGlobalSection
	GlobalSection(ExtensibilityGlobals) = postSolution
		SolutionGuid = {F0017681-5119-4B02-9874-B43B2B00123B}
	EndGlobalSection
EndGlobal
